<?xml version="1.0" encoding="UTF-8" standalone="yes" ?>
<CodeBlocks_project_file>
	<FileVersion major="1" minor="6" />
	<Project>
		<Option title="annety" />
		<Option pch_mode="2" />
		<Option compiler="gcc" />
		<Build>
			<Target title="Release">
				<Option output="bin/Release/annety" prefix_auto="1" extension_auto="1" />
				<Option object_output="obj/Release/" />
				<Option type="1" />
				<Option compiler="gcc" />
				<Compiler>
					<Add option="-O2" />
				</Compiler>
				<Linker>
					<Add option="-s" />
				</Linker>
			</Target>
		</Build>
		<Compiler>
			<Add option="-Wall" />
			<Add option="-fexceptions" />
		</Compiler>
		<Unit filename="annety/include/AtExit.h" />
		<Unit filename="annety/include/ByteBuffer.h" />
		<Unit filename="annety/include/ByteOrder.h" />
		<Unit filename="annety/include/CallbackForward.h" />
		<Unit filename="annety/include/Crc32c.h" />
		<Unit filename="annety/include/EintrWrapper.h" />
		<Unit filename="annety/include/EndPoint.h" />
		<Unit filename="annety/include/EventLoop.h" />
		<Unit filename="annety/include/EventLoopPool.h" />
		<Unit filename="annety/include/EventLoopThread.h" />
		<Unit filename="annety/include/Exceptions.h" />
		<Unit filename="annety/include/LogFile.h" />
		<Unit filename="annety/include/LogStream.h" />
		<Unit filename="annety/include/Logging.h" />
		<Unit filename="annety/include/Macros.h" />
		<Unit filename="annety/include/NetBuffer.h" />
		<Unit filename="annety/include/SafeStrerror.h" />
		<Unit filename="annety/include/ScopedClearLastError.h" />
		<Unit filename="annety/include/ScopedFile.h" />
		<Unit filename="annety/include/ScopedGeneric.h" />
		<Unit filename="annety/include/SignalServer.h" />
		<Unit filename="annety/include/Singleton.h" />
		<Unit filename="annety/include/TcpClient.h" />
		<Unit filename="annety/include/TcpConnection.h" />
		<Unit filename="annety/include/TcpServer.h" />
		<Unit filename="annety/include/TimeStamp.h" />
		<Unit filename="annety/include/TimerId.h" />
		<Unit filename="annety/include/build/BuildConfig.h" />
		<Unit filename="annety/include/build/CompilerSpecific.h" />
		<Unit filename="annety/include/codec/Codec.h" />
		<Unit filename="annety/include/codec/LengthHeaderCodec.h" />
		<Unit filename="annety/include/codec/StringEofCodec.h" />
		<Unit filename="annety/include/containers/Any.h" />
		<Unit filename="annety/include/containers/Bind.h" />
		<Unit filename="annety/include/files/File.h" />
		<Unit filename="annety/include/files/FileEnumerator.h" />
		<Unit filename="annety/include/files/FilePath.h" />
		<Unit filename="annety/include/files/FileUtil.h" />
		<Unit filename="annety/include/protobuf/ProtobufCodec.h" />
		<Unit filename="annety/include/protobuf/ProtobufDispatch.h" />
		<Unit filename="annety/include/protorpc/ProtorpcChannel.h" />
		<Unit filename="annety/include/protorpc/ProtorpcClient.h" />
		<Unit filename="annety/include/protorpc/ProtorpcServer.h" />
		<Unit filename="annety/include/strings/StringPiece.h" />
		<Unit filename="annety/include/strings/StringPrintf.h" />
		<Unit filename="annety/include/strings/StringSplit.h" />
		<Unit filename="annety/include/strings/StringUtil.h" />
		<Unit filename="annety/include/synchronization/BlockingQueue.h" />
		<Unit filename="annety/include/synchronization/ConditionVariable.h" />
		<Unit filename="annety/include/synchronization/CountDownLatch.h" />
		<Unit filename="annety/include/synchronization/MutexLock.h" />
		<Unit filename="annety/include/threading/Thread.h" />
		<Unit filename="annety/include/threading/ThreadForward.h" />
		<Unit filename="annety/include/threading/ThreadLocal.h" />
		<Unit filename="annety/include/threading/ThreadLocalSingleton.h" />
		<Unit filename="annety/include/threading/ThreadPool.h" />
		<Unit filename="examples/asio/chat/client/client.cc" />
		<Unit filename="examples/asio/chat/server/server.cc" />
		<Unit filename="examples/chargen/client/chargen.cc" />
		<Unit filename="examples/chargen/client/chargen.h" />
		<Unit filename="examples/chargen/client/main.cc" />
		<Unit filename="examples/chargen/server/chargen.cc" />
		<Unit filename="examples/chargen/server/chargen.h" />
		<Unit filename="examples/chargen/server/main.cc" />
		<Unit filename="examples/daytime/daytime.cc" />
		<Unit filename="examples/daytime/daytime.h" />
		<Unit filename="examples/daytime/main.cc" />
		<Unit filename="examples/discard/discard.cc" />
		<Unit filename="examples/discard/discard.h" />
		<Unit filename="examples/discard/main.cc" />
		<Unit filename="examples/echo/echo.cc" />
		<Unit filename="examples/echo/echo.h" />
		<Unit filename="examples/echo/main.cc" />
		<Unit filename="examples/netty/echo/client/echo.cc" />
		<Unit filename="examples/netty/echo/client/echo.h" />
		<Unit filename="examples/netty/echo/client/main.cc" />
		<Unit filename="examples/netty/echo/server/echo.cc" />
		<Unit filename="examples/netty/echo/server/echo.h" />
		<Unit filename="examples/netty/echo/server/main.cc" />
		<Unit filename="examples/pingpong/client/client.cc" />
		<Unit filename="examples/pingpong/server/server.cc" />
		<Unit filename="examples/protobuf/codec/client/client.cc" />
		<Unit filename="examples/protobuf/codec/server/server.cc" />
		<Unit filename="examples/protobuf/rpc/client/ProtorpcMessage.pb.cc" />
		<Unit filename="examples/protobuf/rpc/client/ProtorpcMessage.pb.h" />
		<Unit filename="examples/protobuf/rpc/client/Query.pb.cc" />
		<Unit filename="examples/protobuf/rpc/client/Query.pb.h" />
		<Unit filename="examples/protobuf/rpc/client/client.cc" />
		<Unit filename="examples/protobuf/rpc/server/ProtorpcMessage.pb.cc" />
		<Unit filename="examples/protobuf/rpc/server/ProtorpcMessage.pb.h" />
		<Unit filename="examples/protobuf/rpc/server/Query.pb.cc" />
		<Unit filename="examples/protobuf/rpc/server/Query.pb.h" />
		<Unit filename="examples/protobuf/rpc/server/server.cc" />
		<Unit filename="examples/time/client/main.cc" />
		<Unit filename="examples/time/client/times.cc" />
		<Unit filename="examples/time/client/times.h" />
		<Unit filename="examples/time/server/main.cc" />
		<Unit filename="examples/time/server/times.cc" />
		<Unit filename="examples/time/server/times.h" />
		<Unit filename="src/Acceptor.cc" />
		<Unit filename="src/Acceptor.h" />
		<Unit filename="src/AtExit.cc" />
		<Unit filename="src/ByteBuffer.cc" />
		<Unit filename="src/Channel.cc" />
		<Unit filename="src/Channel.h" />
		<Unit filename="src/ConditionVariable.cc" />
		<Unit filename="src/Connector.cc" />
		<Unit filename="src/Connector.h" />
		<Unit filename="src/CountDownLatch.cc" />
		<Unit filename="src/Crc32c.cc" />
		<Unit filename="src/EPollPoller.cc" />
		<Unit filename="src/EPollPoller.h" />
		<Unit filename="src/EndPoint.cc" />
		<Unit filename="src/EventFD.cc" />
		<Unit filename="src/EventFD.h" />
		<Unit filename="src/EventLoop.cc" />
		<Unit filename="src/EventLoopPool.cc" />
		<Unit filename="src/EventLoopThread.cc" />
		<Unit filename="src/Exceptions.cc" />
		<Unit filename="src/File.cc" />
		<Unit filename="src/FileEnumerator.cc" />
		<Unit filename="src/FilePath.cc" />
		<Unit filename="src/FileUtil.cc" />
		<Unit filename="src/FileUtilPosix.cc" />
		<Unit filename="src/LogFile.cc" />
		<Unit filename="src/LogStream.cc" />
		<Unit filename="src/Logging.cc" />
		<Unit filename="src/MutexLock.cc" />
		<Unit filename="src/NetBuffer.cc" />
		<Unit filename="src/PlatformThread.cc" />
		<Unit filename="src/PlatformThread.h" />
		<Unit filename="src/PollPoller.cc" />
		<Unit filename="src/PollPoller.h" />
		<Unit filename="src/Poller.cc" />
		<Unit filename="src/Poller.h" />
		<Unit filename="src/SafeStrerror.cc" />
		<Unit filename="src/SelectableFD.cc" />
		<Unit filename="src/SelectableFD.h" />
		<Unit filename="src/SignalFD.cc" />
		<Unit filename="src/SignalFD.h" />
		<Unit filename="src/SignalServer.cc" />
		<Unit filename="src/SocketFD.cc" />
		<Unit filename="src/SocketFD.h" />
		<Unit filename="src/SocketsUtil.cc" />
		<Unit filename="src/SocketsUtil.h" />
		<Unit filename="src/StringPiece.cc" />
		<Unit filename="src/StringPrintf.cc" />
		<Unit filename="src/StringSplit.cc" />
		<Unit filename="src/StringUtil.cc" />
		<Unit filename="src/TcpClient.cc" />
		<Unit filename="src/TcpConnection.cc" />
		<Unit filename="src/TcpServer.cc" />
		<Unit filename="src/Thread.cc" />
		<Unit filename="src/ThreadPool.cc" />
		<Unit filename="src/TimeStamp.cc" />
		<Unit filename="src/Timer.cc" />
		<Unit filename="src/Timer.h" />
		<Unit filename="src/TimerFD.cc" />
		<Unit filename="src/TimerFD.h" />
		<Unit filename="src/TimerPool.cc" />
		<Unit filename="src/TimerPool.h" />
		<Unit filename="src/testing/bind/main.cc" />
		<Unit filename="src/testing/buffer/main.cc" />
		<Unit filename="src/testing/file/main.cc" />
		<Unit filename="src/testing/logging/main.cc" />
		<Unit filename="src/testing/main.cc" />
		<Unit filename="src/testing/signalserver/main.cc" />
		<Unit filename="src/testing/string/main.cc" />
		<Unit filename="src/testing/tcpclient/main.cc" />
		<Unit filename="src/testing/tcpserver/main.cc" />
		<Unit filename="src/testing/thread/main.cc" />
		<Unit filename="src/testing/time/main.cc" />
		<Extensions>
			<code_completion />
			<envvars />
			<debugger />
			<lib_finder disable_auto="1" />
		</Extensions>
	</Project>
</CodeBlocks_project_file>
